
Microsoft Visual Studio Solution File, Format Version 12.00
# Visual Studio Version 17
VisualStudioVersion = 17.4.33213.308
MinimumVisualStudioVersion = 10.0.40219.1
Project("{FAE04EC0-301F-11D3-BF4B-00C04F79EFBC}") = "FrontWPF", "FrontWPF\FrontWPF.csproj", "{D50239AA-5933-442A-AB44-6E59F8FFF5C7}"
EndProject
Global
	GlobalSection(SolutionConfigurationPlatforms) = preSolution
		Debug|Any CPU = Debug|Any CPU
		Release|Any CPU = Release|Any CPU
	EndGlobalSection
	GlobalSection(ProjectConfigurationPlatforms) = postSolution
		{D50239AA-5933-442A-AB44-6E59F8FFF5C7}.Debug|Any CPU.ActiveCfg = Debug|Any CPU
		{D50239AA-5933-442A-AB44-6E59F8FFF5C7}.Debug|Any CPU.Build.0 = Debug|Any CPU
		{D50239AA-5933-442A-AB44-6E59F8FFF5C7}.Release|Any CPU.ActiveCfg = Release|Any CPU
		{D50239AA-5933-442A-AB44-6E59F8FFF5C7}.Release|Any CPU.Build.0 = Release|Any CPU
	EndGlobalSection
	GlobalSection(SolutionProperties) = preSolution
		HideSolutionNode = FALSE
	EndGlobalSection
	GlobalSection(ExtensibilityGlobals) = postSolution
		SolutionGuid = {2FF1D9C6-4D0C-42BF-A30D-3C83EA6E80DE}
	EndGlobalSection
EndGlobal
